
Microsoft Visual Studio Solution File, Format Version 12.00
# Visual Studio Version 16
VisualStudioVersion = 16.0.31112.23
MinimumVisualStudioVersion = 10.0.40219.1
Project("{FAE04EC0-301F-11D3-BF4B-00C04F79EFBC}") = "Exercise5", "Exercise5\Exercise5.csproj", "{086C22E0-F281-4507-83EB-BF22538A2F1E}"
EndProject
Project("{FAE04EC0-301F-11D3-BF4B-00C04F79EFBC}") = "Tests", "Tests\Tests.csproj", "{C8A4A303-29AF-4454-AAB0-30527826EFCF}"
EndProject
Global
	GlobalSection(SolutionConfigurationPlatforms) = preSolution
		Debug|Any CPU = Debug|Any CPU
		Release|Any CPU = Release|Any CPU
	EndGlobalSection
	GlobalSection(ProjectConfigurationPlatforms) = postSolution
		{086C22E0-F281-4507-83EB-BF22538A2F1E}.Debug|Any CPU.ActiveCfg = Debug|Any CPU
		{086C22E0-F281-4507-83EB-BF22538A2F1E}.Debug|Any CPU.Build.0 = Debug|Any CPU
		{086C22E0-F281-4507-83EB-BF22538A2F1E}.Release|Any CPU.ActiveCfg = Release|Any CPU
		{086C22E0-F281-4507-83EB-BF22538A2F1E}.Release|Any CPU.Build.0 = Release|Any CPU
		{C8A4A303-29AF-4454-AAB0-30527826EFCF}.Debug|Any CPU.ActiveCfg = Debug|Any CPU
		{C8A4A303-29AF-4454-AAB0-30527826EFCF}.Debug|Any CPU.Build.0 = Debug|Any CPU
		{C8A4A303-29AF-4454-AAB0-30527826EFCF}.Release|Any CPU.ActiveCfg = Release|Any CPU
		{C8A4A303-29AF-4454-AAB0-30527826EFCF}.Release|Any CPU.Build.0 = Release|Any CPU
	EndGlobalSection
	GlobalSection(SolutionProperties) = preSolution
		HideSolutionNode = FALSE
	EndGlobalSection
	GlobalSection(ExtensibilityGlobals) = postSolution
		SolutionGuid = {A41AE51C-DB6C-45D0-B654-27FA56E2083C}
	EndGlobalSection
EndGlobal
