
Microsoft Visual Studio Solution File, Format Version 12.00
# Visual Studio Version 16
VisualStudioVersion = 16.0.31112.23
MinimumVisualStudioVersion = 10.0.40219.1
Project("{FAE04EC0-301F-11D3-BF4B-00C04F79EFBC}") = "Exercise6", "Exercise6\Exercise6.csproj", "{A90D3A7E-01B8-41BA-901F-AEE0B3E51B07}"
EndProject
Project("{FAE04EC0-301F-11D3-BF4B-00C04F79EFBC}") = "Tests", "Tests\Tests.csproj", "{1EE57A81-99F4-400A-872F-7F7C1FD90F8E}"
EndProject
Global
	GlobalSection(SolutionConfigurationPlatforms) = preSolution
		Debug|Any CPU = Debug|Any CPU
		Release|Any CPU = Release|Any CPU
	EndGlobalSection
	GlobalSection(ProjectConfigurationPlatforms) = postSolution
		{A90D3A7E-01B8-41BA-901F-AEE0B3E51B07}.Debug|Any CPU.ActiveCfg = Debug|Any CPU
		{A90D3A7E-01B8-41BA-901F-AEE0B3E51B07}.Debug|Any CPU.Build.0 = Debug|Any CPU
		{A90D3A7E-01B8-41BA-901F-AEE0B3E51B07}.Release|Any CPU.ActiveCfg = Release|Any CPU
		{A90D3A7E-01B8-41BA-901F-AEE0B3E51B07}.Release|Any CPU.Build.0 = Release|Any CPU
		{1EE57A81-99F4-400A-872F-7F7C1FD90F8E}.Debug|Any CPU.ActiveCfg = Debug|Any CPU
		{1EE57A81-99F4-400A-872F-7F7C1FD90F8E}.Debug|Any CPU.Build.0 = Debug|Any CPU
		{1EE57A81-99F4-400A-872F-7F7C1FD90F8E}.Release|Any CPU.ActiveCfg = Release|Any CPU
		{1EE57A81-99F4-400A-872F-7F7C1FD90F8E}.Release|Any CPU.Build.0 = Release|Any CPU
	EndGlobalSection
	GlobalSection(SolutionProperties) = preSolution
		HideSolutionNode = FALSE
	EndGlobalSection
	GlobalSection(ExtensibilityGlobals) = postSolution
		SolutionGuid = {2C22306F-3732-4AB4-9EF7-3D776A421FFD}
	EndGlobalSection
EndGlobal
