
Microsoft Visual Studio Solution File, Format Version 12.00
# Visual Studio Version 16
VisualStudioVersion = 16.0.31112.23
MinimumVisualStudioVersion = 10.0.40219.1
Project("{FAE04EC0-301F-11D3-BF4B-00C04F79EFBC}") = "Exercise2", "Exercise2\Exercise2.csproj", "{6B1E7B5C-AA99-44A4-AA9D-2A24CA0FA5A9}"
EndProject
Project("{FAE04EC0-301F-11D3-BF4B-00C04F79EFBC}") = "Tests", "Tests\Tests.csproj", "{0B30B2BB-0DC4-4417-8D10-81D6837A31A9}"
EndProject
Global
	GlobalSection(SolutionConfigurationPlatforms) = preSolution
		Debug|Any CPU = Debug|Any CPU
		Release|Any CPU = Release|Any CPU
	EndGlobalSection
	GlobalSection(ProjectConfigurationPlatforms) = postSolution
		{6B1E7B5C-AA99-44A4-AA9D-2A24CA0FA5A9}.Debug|Any CPU.ActiveCfg = Debug|Any CPU
		{6B1E7B5C-AA99-44A4-AA9D-2A24CA0FA5A9}.Debug|Any CPU.Build.0 = Debug|Any CPU
		{6B1E7B5C-AA99-44A4-AA9D-2A24CA0FA5A9}.Release|Any CPU.ActiveCfg = Release|Any CPU
		{6B1E7B5C-AA99-44A4-AA9D-2A24CA0FA5A9}.Release|Any CPU.Build.0 = Release|Any CPU
		{0B30B2BB-0DC4-4417-8D10-81D6837A31A9}.Debug|Any CPU.ActiveCfg = Debug|Any CPU
		{0B30B2BB-0DC4-4417-8D10-81D6837A31A9}.Debug|Any CPU.Build.0 = Debug|Any CPU
		{0B30B2BB-0DC4-4417-8D10-81D6837A31A9}.Release|Any CPU.ActiveCfg = Release|Any CPU
		{0B30B2BB-0DC4-4417-8D10-81D6837A31A9}.Release|Any CPU.Build.0 = Release|Any CPU
	EndGlobalSection
	GlobalSection(SolutionProperties) = preSolution
		HideSolutionNode = FALSE
	EndGlobalSection
	GlobalSection(ExtensibilityGlobals) = postSolution
		SolutionGuid = {78B2B2A3-6595-4AD3-BBCB-A1259A507CE2}
	EndGlobalSection
EndGlobal
